
Microsoft Visual Studio Solution File, Format Version 12.00
# Visual Studio Version 16
VisualStudioVersion = 16.0.31515.178
MinimumVisualStudioVersion = 10.0.40219.1
Project("{FAE04EC0-301F-11D3-BF4B-00C04F79EFBC}") = "Socket", "Socket.csproj", "{A62F2CA7-9989-4E7A-986A-8370B95A99E8}"
EndProject
Global
	GlobalSection(SolutionConfigurationPlatforms) = preSolution
		Debug|Any CPU = Debug|Any CPU
		Release|Any CPU = Release|Any CPU
	EndGlobalSection
	GlobalSection(ProjectConfigurationPlatforms) = postSolution
		{A62F2CA7-9989-4E7A-986A-8370B95A99E8}.Debug|Any CPU.ActiveCfg = Debug|Any CPU
		{A62F2CA7-9989-4E7A-986A-8370B95A99E8}.Debug|Any CPU.Build.0 = Debug|Any CPU
		{A62F2CA7-9989-4E7A-986A-8370B95A99E8}.Release|Any CPU.ActiveCfg = Release|Any CPU
		{A62F2CA7-9989-4E7A-986A-8370B95A99E8}.Release|Any CPU.Build.0 = Release|Any CPU
	EndGlobalSection
	GlobalSection(SolutionProperties) = preSolution
		HideSolutionNode = FALSE
	EndGlobalSection
	GlobalSection(ExtensibilityGlobals) = postSolution
		SolutionGuid = {DB2F61C4-ADEF-46C9-8C32-DBA6EE138102}
	EndGlobalSection
EndGlobal
